
Microsoft Visual Studio Solution File, Format Version 12.00
# Visual Studio 2013
VisualStudioVersion = 12.0.30723.0
MinimumVisualStudioVersion = 10.0.40219.1
Project("{FAE04EC0-301F-11D3-BF4B-00C04F79EFBC}") = "BookStoreWebAPI", "BookStoreWebAPI\BookStoreWebAPI.csproj", "{7B0FE1C6-13A6-4DA8-8672-A1A7FB6C076F}"
EndProject
Project("{FAE04EC0-301F-11D3-BF4B-00C04F79EFBC}") = "BookStoreWebAPI.Tests", "BookStoreWebAPI.Tests\BookStoreWebAPI.Tests.csproj", "{0A7EAECB-DDA7-42E3-8DAF-AF462B84D5E7}"
EndProject
Project("{2150E333-8FDC-42A3-9474-1A3956D46DE8}") = ".nuget", ".nuget", "{21EBA542-3BE8-4131-AB4B-F78C015B762B}"
	ProjectSection(SolutionItems) = preProject
		.nuget\NuGet.Config = .nuget\NuGet.Config
		.nuget\NuGet.exe = .nuget\NuGet.exe
		.nuget\NuGet.targets = .nuget\NuGet.targets
	EndProjectSection
EndProject
Global
	GlobalSection(SolutionConfigurationPlatforms) = preSolution
		Debug|Any CPU = Debug|Any CPU
		Release|Any CPU = Release|Any CPU
	EndGlobalSection
	GlobalSection(ProjectConfigurationPlatforms) = postSolution
		{7B0FE1C6-13A6-4DA8-8672-A1A7FB6C076F}.Debug|Any CPU.ActiveCfg = Debug|Any CPU
		{7B0FE1C6-13A6-4DA8-8672-A1A7FB6C076F}.Debug|Any CPU.Build.0 = Debug|Any CPU
		{7B0FE1C6-13A6-4DA8-8672-A1A7FB6C076F}.Release|Any CPU.ActiveCfg = Release|Any CPU
		{7B0FE1C6-13A6-4DA8-8672-A1A7FB6C076F}.Release|Any CPU.Build.0 = Release|Any CPU
		{0A7EAECB-DDA7-42E3-8DAF-AF462B84D5E7}.Debug|Any CPU.ActiveCfg = Debug|Any CPU
		{0A7EAECB-DDA7-42E3-8DAF-AF462B84D5E7}.Debug|Any CPU.Build.0 = Debug|Any CPU
		{0A7EAECB-DDA7-42E3-8DAF-AF462B84D5E7}.Release|Any CPU.ActiveCfg = Release|Any CPU
		{0A7EAECB-DDA7-42E3-8DAF-AF462B84D5E7}.Release|Any CPU.Build.0 = Release|Any CPU
	EndGlobalSection
	GlobalSection(SolutionProperties) = preSolution
		HideSolutionNode = FALSE
	EndGlobalSection
EndGlobal
